<?xml version="1.0" encoding="utf-8"?>
<Project ToolsVersion="4.0" xmlns="http://schemas.microsoft.com/developer/msbuild/2003">
  <ItemGroup>
    <Filter Include="Source Files">
      <UniqueIdentifier>{4FC737F1-C7A5-4376-A066-2A32D752A2FF}</UniqueIdentifier>
      <Extensions>cpp;c;cc;cxx;def;odl;idl;hpj;bat;asm;asmx</Extensions>
    </Filter>
    <Filter Include="Header Files">
      <UniqueIdentifier>{93995380-89BD-4b04-88EB-625FBE52EBFB}</UniqueIdentifier>
      <Extensions>h;hpp;hxx;hm;inl;inc;xsd</Extensions>
    </Filter>
    <Filter Include="Header Files\Scanner">
      <UniqueIdentifier>{df85e09e-f224-4023-9e94-3836f1b44d7b}</UniqueIdentifier>
    </Filter>
    <Filter Include="Source Files\Scanner">
      <UniqueIdentifier>{30630c0a-07b2-437d-9efe-71803b365c05}</UniqueIdentifier>
    </Filter>
  </ItemGroup>
  <ItemGroup>
    <ClCompile Include="ScannerTargetWindows.cpp">
      <Filter>Source Files\Scanner</Filter>
    </ClCompile>
    <ClCompile Include="Scanner.cpp">
      <Filter>Source Files\Scanner</Filter>
    </ClCompile>
    <ClCompile Include="ScanVariant.cpp">
      <Filter>Source Files\Scanner</Filter>
    </ClCompile>
    <ClCompile Include="FastAllocator.cpp">
      <Filter>Source Files</Filter>
    </ClCompile>
    <ClCompile Include="ScanVariantTypeTraits.cpp">
      <Filter>Source Files\Scanner</Filter>
    </ClCompile>
    <ClCompile Include="ScannerDataStructureBlueprint.cpp">
      <Filter>Source Files\Scanner</Filter>
    </ClCompile>
  </ItemGroup>
  <ItemGroup>
    <ClInclude Include="ScannerTarget.h">
      <Filter>Header Files\Scanner</Filter>
    </ClInclude>
    <ClInclude Include="ScannerTargetWindows.h">
      <Filter>Header Files\Scanner</Filter>
    </ClInclude>
    <ClInclude Include="Assert.h">
      <Filter>Header Files</Filter>
    </ClInclude>
    <ClInclude Include="Scanner.h">
      <Filter>Header Files\Scanner</Filter>
    </ClInclude>
    <ClInclude Include="ScannerTypes.h">
      <Filter>Header Files\Scanner</Filter>
    </ClInclude>
    <ClInclude Include="ScanVariant.h">
      <Filter>Header Files\Scanner</Filter>
    </ClInclude>
    <ClInclude Include="ScanResult.h">
      <Filter>Header Files\Scanner</Filter>
    </ClInclude>
    <ClInclude Include="ScanState.h">
      <Filter>Header Files\Scanner</Filter>
    </ClInclude>
    <ClInclude Include="FastAllocator.h">
      <Filter>Header Files</Filter>
    </ClInclude>
    <ClInclude Include="resource.h">
      <Filter>Header Files</Filter>
    </ClInclude>
    <ClInclude Include="ScanVariantTypeTraits.h">
      <Filter>Header Files\Scanner</Filter>
    </ClInclude>
    <ClInclude Include="ScannerDataStructureBlueprint.h">
      <Filter>Header Files\Scanner</Filter>
    </ClInclude>
  </ItemGroup>
</Project>